
Microsoft Visual Studio Solution File, Format Version 12.00
# Visual Studio Version 17
VisualStudioVersion = 17.11.35327.3
MinimumVisualStudioVersion = 10.0.40219.1
Project("{FAE04EC0-301F-11D3-BF4B-00C04F79EFBC}") = "Formatacao", "Formatacao.csproj", "{4FAC6BCA-B52C-4581-8C02-720A7F0110CA}"
EndProject
Global
	GlobalSection(SolutionConfigurationPlatforms) = preSolution
		Debug|Any CPU = Debug|Any CPU
		Release|Any CPU = Release|Any CPU
	EndGlobalSection
	GlobalSection(ProjectConfigurationPlatforms) = postSolution
		{4FAC6BCA-B52C-4581-8C02-720A7F0110CA}.Debug|Any CPU.ActiveCfg = Debug|Any CPU
		{4FAC6BCA-B52C-4581-8C02-720A7F0110CA}.Debug|Any CPU.Build.0 = Debug|Any CPU
		{4FAC6BCA-B52C-4581-8C02-720A7F0110CA}.Release|Any CPU.ActiveCfg = Release|Any CPU
		{4FAC6BCA-B52C-4581-8C02-720A7F0110CA}.Release|Any CPU.Build.0 = Release|Any CPU
	EndGlobalSection
	GlobalSection(SolutionProperties) = preSolution
		HideSolutionNode = FALSE
	EndGlobalSection
	GlobalSection(ExtensibilityGlobals) = postSolution
		SolutionGuid = {D02BD5F6-8EDC-4B64-B59D-97A4464F8672}
	EndGlobalSection
EndGlobal
