
Microsoft Visual Studio Solution File, Format Version 12.00
# Visual Studio Version 17
VisualStudioVersion = 17.11.35327.3
MinimumVisualStudioVersion = 10.0.40219.1
Project("{FAE04EC0-301F-11D3-BF4B-00C04F79EFBC}") = "media", "media.csproj", "{7F5A2C7E-0430-4C8B-B268-4AC9A1C8370D}"
EndProject
Global
	GlobalSection(SolutionConfigurationPlatforms) = preSolution
		Debug|Any CPU = Debug|Any CPU
		Release|Any CPU = Release|Any CPU
	EndGlobalSection
	GlobalSection(ProjectConfigurationPlatforms) = postSolution
		{7F5A2C7E-0430-4C8B-B268-4AC9A1C8370D}.Debug|Any CPU.ActiveCfg = Debug|Any CPU
		{7F5A2C7E-0430-4C8B-B268-4AC9A1C8370D}.Debug|Any CPU.Build.0 = Debug|Any CPU
		{7F5A2C7E-0430-4C8B-B268-4AC9A1C8370D}.Release|Any CPU.ActiveCfg = Release|Any CPU
		{7F5A2C7E-0430-4C8B-B268-4AC9A1C8370D}.Release|Any CPU.Build.0 = Release|Any CPU
	EndGlobalSection
	GlobalSection(SolutionProperties) = preSolution
		HideSolutionNode = FALSE
	EndGlobalSection
	GlobalSection(ExtensibilityGlobals) = postSolution
		SolutionGuid = {CED94C18-EF96-4E6B-A61D-84A9FA2CE699}
	EndGlobalSection
EndGlobal
