
Microsoft Visual Studio Solution File, Format Version 12.00
# Visual Studio Version 17
VisualStudioVersion = 17.11.35327.3
MinimumVisualStudioVersion = 10.0.40219.1
Project("{FAE04EC0-301F-11D3-BF4B-00C04F79EFBC}") = "Area_Terreno", "Area_Terreno.csproj", "{7C0071C1-0E25-4B25-B69F-F59B72D0180A}"
EndProject
Global
	GlobalSection(SolutionConfigurationPlatforms) = preSolution
		Debug|Any CPU = Debug|Any CPU
		Release|Any CPU = Release|Any CPU
	EndGlobalSection
	GlobalSection(ProjectConfigurationPlatforms) = postSolution
		{7C0071C1-0E25-4B25-B69F-F59B72D0180A}.Debug|Any CPU.ActiveCfg = Debug|Any CPU
		{7C0071C1-0E25-4B25-B69F-F59B72D0180A}.Debug|Any CPU.Build.0 = Debug|Any CPU
		{7C0071C1-0E25-4B25-B69F-F59B72D0180A}.Release|Any CPU.ActiveCfg = Release|Any CPU
		{7C0071C1-0E25-4B25-B69F-F59B72D0180A}.Release|Any CPU.Build.0 = Release|Any CPU
	EndGlobalSection
	GlobalSection(SolutionProperties) = preSolution
		HideSolutionNode = FALSE
	EndGlobalSection
	GlobalSection(ExtensibilityGlobals) = postSolution
		SolutionGuid = {8753937F-C583-447F-B10D-17BCB4717A8A}
	EndGlobalSection
EndGlobal
