
Microsoft Visual Studio Solution File, Format Version 12.00
# Visual Studio Version 17
VisualStudioVersion = 17.11.35327.3
MinimumVisualStudioVersion = 10.0.40219.1
Project("{FAE04EC0-301F-11D3-BF4B-00C04F79EFBC}") = "tabuadareal", "tabuadareal.csproj", "{2A3C1006-66E0-48BA-93FE-8D3090A0E40C}"
EndProject
Global
	GlobalSection(SolutionConfigurationPlatforms) = preSolution
		Debug|Any CPU = Debug|Any CPU
		Release|Any CPU = Release|Any CPU
	EndGlobalSection
	GlobalSection(ProjectConfigurationPlatforms) = postSolution
		{2A3C1006-66E0-48BA-93FE-8D3090A0E40C}.Debug|Any CPU.ActiveCfg = Debug|Any CPU
		{2A3C1006-66E0-48BA-93FE-8D3090A0E40C}.Debug|Any CPU.Build.0 = Debug|Any CPU
		{2A3C1006-66E0-48BA-93FE-8D3090A0E40C}.Release|Any CPU.ActiveCfg = Release|Any CPU
		{2A3C1006-66E0-48BA-93FE-8D3090A0E40C}.Release|Any CPU.Build.0 = Release|Any CPU
	EndGlobalSection
	GlobalSection(SolutionProperties) = preSolution
		HideSolutionNode = FALSE
	EndGlobalSection
	GlobalSection(ExtensibilityGlobals) = postSolution
		SolutionGuid = {8F899850-33AF-45F2-B1BE-E489AEE4F106}
	EndGlobalSection
EndGlobal
