
Microsoft Visual Studio Solution File, Format Version 12.00
# Visual Studio Version 17
VisualStudioVersion = 17.11.35327.3
MinimumVisualStudioVersion = 10.0.40219.1
Project("{FAE04EC0-301F-11D3-BF4B-00C04F79EFBC}") = "Ex015", "Ex015.csproj", "{03E8E7E6-B76C-48C9-8AFD-C33576CAAA6A}"
EndProject
Global
	GlobalSection(SolutionConfigurationPlatforms) = preSolution
		Debug|Any CPU = Debug|Any CPU
		Release|Any CPU = Release|Any CPU
	EndGlobalSection
	GlobalSection(ProjectConfigurationPlatforms) = postSolution
		{03E8E7E6-B76C-48C9-8AFD-C33576CAAA6A}.Debug|Any CPU.ActiveCfg = Debug|Any CPU
		{03E8E7E6-B76C-48C9-8AFD-C33576CAAA6A}.Debug|Any CPU.Build.0 = Debug|Any CPU
		{03E8E7E6-B76C-48C9-8AFD-C33576CAAA6A}.Release|Any CPU.ActiveCfg = Release|Any CPU
		{03E8E7E6-B76C-48C9-8AFD-C33576CAAA6A}.Release|Any CPU.Build.0 = Release|Any CPU
	EndGlobalSection
	GlobalSection(SolutionProperties) = preSolution
		HideSolutionNode = FALSE
	EndGlobalSection
	GlobalSection(ExtensibilityGlobals) = postSolution
		SolutionGuid = {8C5583A1-24F4-433F-97A1-425BAB3B28BE}
	EndGlobalSection
EndGlobal
