
Microsoft Visual Studio Solution File, Format Version 12.00
# Visual Studio Version 17
VisualStudioVersion = 17.11.35327.3
MinimumVisualStudioVersion = 10.0.40219.1
Project("{FAE04EC0-301F-11D3-BF4B-00C04F79EFBC}") = "Teste_Senha", "Teste_Senha.csproj", "{1DB07DC6-8819-43DD-9E88-D71F3D2EE20B}"
EndProject
Global
	GlobalSection(SolutionConfigurationPlatforms) = preSolution
		Debug|Any CPU = Debug|Any CPU
		Release|Any CPU = Release|Any CPU
	EndGlobalSection
	GlobalSection(ProjectConfigurationPlatforms) = postSolution
		{1DB07DC6-8819-43DD-9E88-D71F3D2EE20B}.Debug|Any CPU.ActiveCfg = Debug|Any CPU
		{1DB07DC6-8819-43DD-9E88-D71F3D2EE20B}.Debug|Any CPU.Build.0 = Debug|Any CPU
		{1DB07DC6-8819-43DD-9E88-D71F3D2EE20B}.Release|Any CPU.ActiveCfg = Release|Any CPU
		{1DB07DC6-8819-43DD-9E88-D71F3D2EE20B}.Release|Any CPU.Build.0 = Release|Any CPU
	EndGlobalSection
	GlobalSection(SolutionProperties) = preSolution
		HideSolutionNode = FALSE
	EndGlobalSection
	GlobalSection(ExtensibilityGlobals) = postSolution
		SolutionGuid = {748A1503-0B91-4F80-B031-82D4CCA02EAC}
	EndGlobalSection
EndGlobal
