
Microsoft Visual Studio Solution File, Format Version 12.00
# Visual Studio Version 17
VisualStudioVersion = 17.11.35327.3
MinimumVisualStudioVersion = 10.0.40219.1
Project("{FAE04EC0-301F-11D3-BF4B-00C04F79EFBC}") = "Ex003", "Ex003.csproj", "{291D70BF-3B6E-450F-B0CF-81BA1F4BE99D}"
EndProject
Global
	GlobalSection(SolutionConfigurationPlatforms) = preSolution
		Debug|Any CPU = Debug|Any CPU
		Release|Any CPU = Release|Any CPU
	EndGlobalSection
	GlobalSection(ProjectConfigurationPlatforms) = postSolution
		{291D70BF-3B6E-450F-B0CF-81BA1F4BE99D}.Debug|Any CPU.ActiveCfg = Debug|Any CPU
		{291D70BF-3B6E-450F-B0CF-81BA1F4BE99D}.Debug|Any CPU.Build.0 = Debug|Any CPU
		{291D70BF-3B6E-450F-B0CF-81BA1F4BE99D}.Release|Any CPU.ActiveCfg = Release|Any CPU
		{291D70BF-3B6E-450F-B0CF-81BA1F4BE99D}.Release|Any CPU.Build.0 = Release|Any CPU
	EndGlobalSection
	GlobalSection(SolutionProperties) = preSolution
		HideSolutionNode = FALSE
	EndGlobalSection
	GlobalSection(ExtensibilityGlobals) = postSolution
		SolutionGuid = {DBAFF7C6-67FF-461C-8B0D-736625D9191B}
	EndGlobalSection
EndGlobal
